
Microsoft Visual Studio Solution File, Format Version 12.00
# Visual Studio Version 16
VisualStudioVersion = 16.0.31911.196
MinimumVisualStudioVersion = 10.0.40219.1
Project("{2150E333-8FDC-42A3-9474-1A3956D46DE8}") = "Application", "Application", "{327E3F23-1279-4A1B-AD2A-C7887B820EA0}"
EndProject
Project("{2150E333-8FDC-42A3-9474-1A3956D46DE8}") = "Domain", "Domain", "{B6C8152A-61C7-4EC2-BDAB-0DC7E435C237}"
EndProject
Project("{2150E333-8FDC-42A3-9474-1A3956D46DE8}") = "Infrastructure.IoC", "Infrastructure.IoC", "{9A907CB8-0F59-4AA2-A5CD-F55D674AD1A7}"
EndProject
Project("{2150E333-8FDC-42A3-9474-1A3956D46DE8}") = "Presentation", "Presentation", "{2CC8CBD3-A55E-46AF-8290-983005FBFDC5}"
EndProject
Project("{2150E333-8FDC-42A3-9474-1A3956D46DE8}") = "Infrastructure.Data", "Infrastructure.Data", "{4DC907C7-E674-4688-A329-92E15AA5F061}"
EndProject
Project("{9A19103F-16F7-4668-BE54-9A1E7A4F7556}") = "CleanArch.Mvc", "CleanArch.Mvc\CleanArch.Mvc.csproj", "{726E59D5-4886-4CC4-A43F-19E9DEE295D6}"
EndProject
Project("{9A19103F-16F7-4668-BE54-9A1E7A4F7556}") = "CleanArch.Domain", "CleanArch.Domain\CleanArch.Domain.csproj", "{E75CE0D0-BDB7-4987-B1F7-23EBF61DB007}"
EndProject
Project("{FAE04EC0-301F-11D3-BF4B-00C04F79EFBC}") = "CleanArch.Infrastructure.Data", "CleanArch.Infrastructure.Data\CleanArch.Infrastructure.Data.csproj", "{F4E5FD1E-B1A2-4B6C-A23F-41F29700731C}"
EndProject
Global
	GlobalSection(SolutionConfigurationPlatforms) = preSolution
		Debug|Any CPU = Debug|Any CPU
		Release|Any CPU = Release|Any CPU
	EndGlobalSection
	GlobalSection(ProjectConfigurationPlatforms) = postSolution
		{726E59D5-4886-4CC4-A43F-19E9DEE295D6}.Debug|Any CPU.ActiveCfg = Debug|Any CPU
		{726E59D5-4886-4CC4-A43F-19E9DEE295D6}.Debug|Any CPU.Build.0 = Debug|Any CPU
		{726E59D5-4886-4CC4-A43F-19E9DEE295D6}.Release|Any CPU.ActiveCfg = Release|Any CPU
		{726E59D5-4886-4CC4-A43F-19E9DEE295D6}.Release|Any CPU.Build.0 = Release|Any CPU
		{E75CE0D0-BDB7-4987-B1F7-23EBF61DB007}.Debug|Any CPU.ActiveCfg = Debug|Any CPU
		{E75CE0D0-BDB7-4987-B1F7-23EBF61DB007}.Debug|Any CPU.Build.0 = Debug|Any CPU
		{E75CE0D0-BDB7-4987-B1F7-23EBF61DB007}.Release|Any CPU.ActiveCfg = Release|Any CPU
		{E75CE0D0-BDB7-4987-B1F7-23EBF61DB007}.Release|Any CPU.Build.0 = Release|Any CPU
		{F4E5FD1E-B1A2-4B6C-A23F-41F29700731C}.Debug|Any CPU.ActiveCfg = Debug|Any CPU
		{F4E5FD1E-B1A2-4B6C-A23F-41F29700731C}.Debug|Any CPU.Build.0 = Debug|Any CPU
		{F4E5FD1E-B1A2-4B6C-A23F-41F29700731C}.Release|Any CPU.ActiveCfg = Release|Any CPU
		{F4E5FD1E-B1A2-4B6C-A23F-41F29700731C}.Release|Any CPU.Build.0 = Release|Any CPU
	EndGlobalSection
	GlobalSection(SolutionProperties) = preSolution
		HideSolutionNode = FALSE
	EndGlobalSection
	GlobalSection(NestedProjects) = preSolution
		{726E59D5-4886-4CC4-A43F-19E9DEE295D6} = {2CC8CBD3-A55E-46AF-8290-983005FBFDC5}
		{E75CE0D0-BDB7-4987-B1F7-23EBF61DB007} = {B6C8152A-61C7-4EC2-BDAB-0DC7E435C237}
		{F4E5FD1E-B1A2-4B6C-A23F-41F29700731C} = {4DC907C7-E674-4688-A329-92E15AA5F061}
	EndGlobalSection
	GlobalSection(ExtensibilityGlobals) = postSolution
		SolutionGuid = {373F68E0-4F21-4D32-A273-6FB488D9DC8F}
	EndGlobalSection
EndGlobal
